{
  "name": "liftfg",
  "lockfileVersion": 3,
  "requires": true,
  "packages": {
    "": {
      "dependencies": {
        "@tauri-apps/plugin-log": "^2.2.0"
      }
    },
    "node_modules/@tauri-apps/api": {
      "version": "2.2.0",
      "resolved": "https://registry.npmjs.org/@tauri-apps/api/-/api-2.2.0.tgz",
      "integrity": "sha512-R8epOeZl1eJEl603aUMIGb4RXlhPjpgxbGVEaqY+0G5JG9vzV/clNlzTeqc+NLYXVqXcn8mb4c5b9pJIUDEyAg==",
      "license": "Apache-2.0 OR MIT",
      "funding": {
        "type": "opencollective",
        "url": "https://opencollective.com/tauri"
      }
    },
    "node_modules/@tauri-apps/plugin-log": {
      "version": "2.2.0",
      "resolved": "https://registry.npmjs.org/@tauri-apps/plugin-log/-/plugin-log-2.2.0.tgz",
      "integrity": "sha512-g6CsQAR1lsm5ABSZZxpM/iCn86GrMDTTlhj7GPkZkYBRSm3+WczfOAl7SV7HDn77tOKCzhZffwI5uHfRoHutrw==",
      "license": "MIT OR Apache-2.0",
      "dependencies": {
        "@tauri-apps/api": "^2.0.0"
      }
    }
  }
}
